
Microsoft Visual Studio Solution File, Format Version 12.00
# Visual Studio Version 17
VisualStudioVersion = 17.11.35327.3
MinimumVisualStudioVersion = 10.0.40219.1
Project("{FAE04EC0-301F-11D3-BF4B-00C04F79EFBC}") = "bt4", "bt4.csproj", "{1C19FB6E-7792-4108-B29E-1E7986E0E8E5}"
EndProject
Global
	GlobalSection(SolutionConfigurationPlatforms) = preSolution
		Debug|Any CPU = Debug|Any CPU
		Release|Any CPU = Release|Any CPU
	EndGlobalSection
	GlobalSection(ProjectConfigurationPlatforms) = postSolution
		{1C19FB6E-7792-4108-B29E-1E7986E0E8E5}.Debug|Any CPU.ActiveCfg = Debug|Any CPU
		{1C19FB6E-7792-4108-B29E-1E7986E0E8E5}.Debug|Any CPU.Build.0 = Debug|Any CPU
		{1C19FB6E-7792-4108-B29E-1E7986E0E8E5}.Release|Any CPU.ActiveCfg = Release|Any CPU
		{1C19FB6E-7792-4108-B29E-1E7986E0E8E5}.Release|Any CPU.Build.0 = Release|Any CPU
	EndGlobalSection
	GlobalSection(SolutionProperties) = preSolution
		HideSolutionNode = FALSE
	EndGlobalSection
	GlobalSection(ExtensibilityGlobals) = postSolution
		SolutionGuid = {C255CD40-C4F4-472B-BE23-83E5EC9B3AB9}
	EndGlobalSection
EndGlobal
