
Microsoft Visual Studio Solution File, Format Version 12.00
# Visual Studio Version 17
VisualStudioVersion = 17.11.35327.3
MinimumVisualStudioVersion = 10.0.40219.1
Project("{FAE04EC0-301F-11D3-BF4B-00C04F79EFBC}") = "tuan3", "tuan3.csproj", "{0A644DA2-6526-4038-B251-7D9B71BBD191}"
EndProject
Global
	GlobalSection(SolutionConfigurationPlatforms) = preSolution
		Debug|Any CPU = Debug|Any CPU
		Release|Any CPU = Release|Any CPU
	EndGlobalSection
	GlobalSection(ProjectConfigurationPlatforms) = postSolution
		{0A644DA2-6526-4038-B251-7D9B71BBD191}.Debug|Any CPU.ActiveCfg = Debug|Any CPU
		{0A644DA2-6526-4038-B251-7D9B71BBD191}.Debug|Any CPU.Build.0 = Debug|Any CPU
		{0A644DA2-6526-4038-B251-7D9B71BBD191}.Release|Any CPU.ActiveCfg = Release|Any CPU
		{0A644DA2-6526-4038-B251-7D9B71BBD191}.Release|Any CPU.Build.0 = Release|Any CPU
	EndGlobalSection
	GlobalSection(SolutionProperties) = preSolution
		HideSolutionNode = FALSE
	EndGlobalSection
	GlobalSection(ExtensibilityGlobals) = postSolution
		SolutionGuid = {4B988299-2479-491D-9D12-FA7C43FCC761}
	EndGlobalSection
EndGlobal
