
Microsoft Visual Studio Solution File, Format Version 12.00
# Visual Studio Version 17
VisualStudioVersion = 17.14.36119.2 d17.14
MinimumVisualStudioVersion = 10.0.40219.1
Project("{FAE04EC0-301F-11D3-BF4B-00C04F79EFBC}") = "KIEMTRA", "KIEMTRA.csproj", "{AA6ECEBF-53DB-4A1F-9A8D-2FF1F1283C6B}"
EndProject
Global
	GlobalSection(SolutionConfigurationPlatforms) = preSolution
		Debug|Any CPU = Debug|Any CPU
		Release|Any CPU = Release|Any CPU
	EndGlobalSection
	GlobalSection(ProjectConfigurationPlatforms) = postSolution
		{AA6ECEBF-53DB-4A1F-9A8D-2FF1F1283C6B}.Debug|Any CPU.ActiveCfg = Debug|Any CPU
		{AA6ECEBF-53DB-4A1F-9A8D-2FF1F1283C6B}.Debug|Any CPU.Build.0 = Debug|Any CPU
		{AA6ECEBF-53DB-4A1F-9A8D-2FF1F1283C6B}.Release|Any CPU.ActiveCfg = Release|Any CPU
		{AA6ECEBF-53DB-4A1F-9A8D-2FF1F1283C6B}.Release|Any CPU.Build.0 = Release|Any CPU
	EndGlobalSection
	GlobalSection(SolutionProperties) = preSolution
		HideSolutionNode = FALSE
	EndGlobalSection
	GlobalSection(ExtensibilityGlobals) = postSolution
		SolutionGuid = {14F396E1-431D-433E-9C54-7744AD894256}
	EndGlobalSection
EndGlobal
